
Microsoft Visual Studio Solution File, Format Version 12.00
# Visual Studio Version 17
VisualStudioVersion = 17.6.33829.357
MinimumVisualStudioVersion = 10.0.40219.1
Project("{9A19103F-16F7-4668-BE54-9A1E7A4F7556}") = "Reference_and_Value_Types", "Reference_and_Value_Types\Reference_and_Value_Types.csproj", "{64824439-D9B5-46E7-B4A8-0AFA9DF30023}"
EndProject
Project("{9A19103F-16F7-4668-BE54-9A1E7A4F7556}") = "GuessingGame", "GuessingGame\GuessingGame.csproj", "{C71C6C90-0077-45C8-8B66-30DDC97EFA2D}"
EndProject
Project("{9A19103F-16F7-4668-BE54-9A1E7A4F7556}") = "VectorImplementations", "VectorImplementations\VectorImplementations.csproj", "{4B6ED8C8-C493-4DBB-8509-E7EF1B9D6AE8}"
EndProject
Project("{FAE04EC0-301F-11D3-BF4B-00C04F79EFBC}") = "EmpricalAnalysis", "EmpricalAnalysis\EmpricalAnalysis.csproj", "{CC95F989-3435-4582-8F37-BE09916C2B0E}"
EndProject
Global
	GlobalSection(SolutionConfigurationPlatforms) = preSolution
		Debug|Any CPU = Debug|Any CPU
		Release|Any CPU = Release|Any CPU
	EndGlobalSection
	GlobalSection(ProjectConfigurationPlatforms) = postSolution
		{64824439-D9B5-46E7-B4A8-0AFA9DF30023}.Debug|Any CPU.ActiveCfg = Debug|Any CPU
		{64824439-D9B5-46E7-B4A8-0AFA9DF30023}.Debug|Any CPU.Build.0 = Debug|Any CPU
		{64824439-D9B5-46E7-B4A8-0AFA9DF30023}.Release|Any CPU.ActiveCfg = Release|Any CPU
		{64824439-D9B5-46E7-B4A8-0AFA9DF30023}.Release|Any CPU.Build.0 = Release|Any CPU
		{C71C6C90-0077-45C8-8B66-30DDC97EFA2D}.Debug|Any CPU.ActiveCfg = Debug|Any CPU
		{C71C6C90-0077-45C8-8B66-30DDC97EFA2D}.Debug|Any CPU.Build.0 = Debug|Any CPU
		{C71C6C90-0077-45C8-8B66-30DDC97EFA2D}.Release|Any CPU.ActiveCfg = Release|Any CPU
		{C71C6C90-0077-45C8-8B66-30DDC97EFA2D}.Release|Any CPU.Build.0 = Release|Any CPU
		{4B6ED8C8-C493-4DBB-8509-E7EF1B9D6AE8}.Debug|Any CPU.ActiveCfg = Debug|Any CPU
		{4B6ED8C8-C493-4DBB-8509-E7EF1B9D6AE8}.Debug|Any CPU.Build.0 = Debug|Any CPU
		{4B6ED8C8-C493-4DBB-8509-E7EF1B9D6AE8}.Release|Any CPU.ActiveCfg = Release|Any CPU
		{4B6ED8C8-C493-4DBB-8509-E7EF1B9D6AE8}.Release|Any CPU.Build.0 = Release|Any CPU
		{CC95F989-3435-4582-8F37-BE09916C2B0E}.Debug|Any CPU.ActiveCfg = Debug|Any CPU
		{CC95F989-3435-4582-8F37-BE09916C2B0E}.Debug|Any CPU.Build.0 = Debug|Any CPU
		{CC95F989-3435-4582-8F37-BE09916C2B0E}.Release|Any CPU.ActiveCfg = Release|Any CPU
		{CC95F989-3435-4582-8F37-BE09916C2B0E}.Release|Any CPU.Build.0 = Release|Any CPU
	EndGlobalSection
	GlobalSection(SolutionProperties) = preSolution
		HideSolutionNode = FALSE
	EndGlobalSection
	GlobalSection(ExtensibilityGlobals) = postSolution
		SolutionGuid = {798F64B2-18C6-4877-B8AD-494E5E7CAE11}
	EndGlobalSection
EndGlobal
